
Microsoft Visual Studio Solution File, Format Version 12.00
# Visual Studio Version 16
VisualStudioVersion = 16.0.30320.27
MinimumVisualStudioVersion = 10.0.40219.1
Project("{FAE04EC0-301F-11D3-BF4B-00C04F79EFBC}") = "InheritenceDemo", "InheritenceDemo.csproj", "{522EA89C-E848-43B7-930A-6E8F3D02D59C}"
EndProject
Global
	GlobalSection(SolutionConfigurationPlatforms) = preSolution
		Debug|Any CPU = Debug|Any CPU
		Release|Any CPU = Release|Any CPU
	EndGlobalSection
	GlobalSection(ProjectConfigurationPlatforms) = postSolution
		{522EA89C-E848-43B7-930A-6E8F3D02D59C}.Debug|Any CPU.ActiveCfg = Debug|Any CPU
		{522EA89C-E848-43B7-930A-6E8F3D02D59C}.Debug|Any CPU.Build.0 = Debug|Any CPU
		{522EA89C-E848-43B7-930A-6E8F3D02D59C}.Release|Any CPU.ActiveCfg = Release|Any CPU
		{522EA89C-E848-43B7-930A-6E8F3D02D59C}.Release|Any CPU.Build.0 = Release|Any CPU
	EndGlobalSection
	GlobalSection(SolutionProperties) = preSolution
		HideSolutionNode = FALSE
	EndGlobalSection
	GlobalSection(ExtensibilityGlobals) = postSolution
		SolutionGuid = {F80F9A3E-A6FA-4D10-8F5A-6F862D2A0F01}
	EndGlobalSection
EndGlobal
