
Microsoft Visual Studio Solution File, Format Version 12.00
# Visual Studio Version 16
VisualStudioVersion = 16.0.30320.27
MinimumVisualStudioVersion = 10.0.40219.1
Project("{FAE04EC0-301F-11D3-BF4B-00C04F79EFBC}") = "SmartFishFarm2", "SmartFishFarm2.csproj", "{C3AE936A-9CC6-4DFC-81E9-97A525AEA1C2}"
EndProject
Global
	GlobalSection(SolutionConfigurationPlatforms) = preSolution
		Debug|Any CPU = Debug|Any CPU
		Release|Any CPU = Release|Any CPU
	EndGlobalSection
	GlobalSection(ProjectConfigurationPlatforms) = postSolution
		{C3AE936A-9CC6-4DFC-81E9-97A525AEA1C2}.Debug|Any CPU.ActiveCfg = Debug|Any CPU
		{C3AE936A-9CC6-4DFC-81E9-97A525AEA1C2}.Debug|Any CPU.Build.0 = Debug|Any CPU
		{C3AE936A-9CC6-4DFC-81E9-97A525AEA1C2}.Release|Any CPU.ActiveCfg = Release|Any CPU
		{C3AE936A-9CC6-4DFC-81E9-97A525AEA1C2}.Release|Any CPU.Build.0 = Release|Any CPU
	EndGlobalSection
	GlobalSection(SolutionProperties) = preSolution
		HideSolutionNode = FALSE
	EndGlobalSection
	GlobalSection(ExtensibilityGlobals) = postSolution
		SolutionGuid = {15E3EF97-91E0-4C2C-8665-896B364E702E}
	EndGlobalSection
EndGlobal
